
Microsoft Visual Studio Solution File, Format Version 12.00
# Visual Studio 2013
VisualStudioVersion = 12.0.30723.0
MinimumVisualStudioVersion = 10.0.40219.1
Project("{FAE04EC0-301F-11D3-BF4B-00C04F79EFBC}") = "PluginsCore", "PluginsCore\PluginsCore.csproj", "{43841B73-ED92-4B48-958F-6A8DD8B0E266}"
EndProject
Project("{FAE04EC0-301F-11D3-BF4B-00C04F79EFBC}") = "Plugin1", "Plugin1\Plugin1.csproj", "{49430519-0719-4E4A-9245-D0E0C78E663D}"
EndProject
Project("{FAE04EC0-301F-11D3-BF4B-00C04F79EFBC}") = "Plugin23", "Plugin23\Plugin23.csproj", "{7C9CE518-8D17-4EF7-AB85-81B3B4A1AC8E}"
EndProject
Project("{FAE04EC0-301F-11D3-BF4B-00C04F79EFBC}") = "PluginsHost", "PluginsHost\PluginsHost.csproj", "{AC8C826A-3310-4CBE-9E53-28D0761315B2}"
EndProject
Project("{2150E333-8FDC-42A3-9474-1A3956D46DE8}") = "Tests", "Tests", "{0F74D750-9223-45DA-B5FA-E04FF1428319}"
EndProject
Project("{FAE04EC0-301F-11D3-BF4B-00C04F79EFBC}") = "PluginsHostTests", "PluginsHostTests\PluginsHostTests.csproj", "{CED10048-132C-40E1-85D9-88E73E1EFF25}"
EndProject
Project("{FAE04EC0-301F-11D3-BF4B-00C04F79EFBC}") = "WinApp", "WinApp\WinApp.csproj", "{08F67C99-CA47-40CD-AEB6-E163F157934B}"
EndProject
Global
	GlobalSection(SolutionConfigurationPlatforms) = preSolution
		Debug|Any CPU = Debug|Any CPU
		Release|Any CPU = Release|Any CPU
	EndGlobalSection
	GlobalSection(ProjectConfigurationPlatforms) = postSolution
		{43841B73-ED92-4B48-958F-6A8DD8B0E266}.Debug|Any CPU.ActiveCfg = Debug|Any CPU
		{43841B73-ED92-4B48-958F-6A8DD8B0E266}.Debug|Any CPU.Build.0 = Debug|Any CPU
		{43841B73-ED92-4B48-958F-6A8DD8B0E266}.Release|Any CPU.ActiveCfg = Release|Any CPU
		{43841B73-ED92-4B48-958F-6A8DD8B0E266}.Release|Any CPU.Build.0 = Release|Any CPU
		{49430519-0719-4E4A-9245-D0E0C78E663D}.Debug|Any CPU.ActiveCfg = Debug|Any CPU
		{49430519-0719-4E4A-9245-D0E0C78E663D}.Debug|Any CPU.Build.0 = Debug|Any CPU
		{49430519-0719-4E4A-9245-D0E0C78E663D}.Release|Any CPU.ActiveCfg = Release|Any CPU
		{49430519-0719-4E4A-9245-D0E0C78E663D}.Release|Any CPU.Build.0 = Release|Any CPU
		{7C9CE518-8D17-4EF7-AB85-81B3B4A1AC8E}.Debug|Any CPU.ActiveCfg = Debug|Any CPU
		{7C9CE518-8D17-4EF7-AB85-81B3B4A1AC8E}.Debug|Any CPU.Build.0 = Debug|Any CPU
		{7C9CE518-8D17-4EF7-AB85-81B3B4A1AC8E}.Release|Any CPU.ActiveCfg = Release|Any CPU
		{7C9CE518-8D17-4EF7-AB85-81B3B4A1AC8E}.Release|Any CPU.Build.0 = Release|Any CPU
		{AC8C826A-3310-4CBE-9E53-28D0761315B2}.Debug|Any CPU.ActiveCfg = Debug|Any CPU
		{AC8C826A-3310-4CBE-9E53-28D0761315B2}.Debug|Any CPU.Build.0 = Debug|Any CPU
		{AC8C826A-3310-4CBE-9E53-28D0761315B2}.Release|Any CPU.ActiveCfg = Release|Any CPU
		{AC8C826A-3310-4CBE-9E53-28D0761315B2}.Release|Any CPU.Build.0 = Release|Any CPU
		{CED10048-132C-40E1-85D9-88E73E1EFF25}.Debug|Any CPU.ActiveCfg = Debug|Any CPU
		{CED10048-132C-40E1-85D9-88E73E1EFF25}.Debug|Any CPU.Build.0 = Debug|Any CPU
		{CED10048-132C-40E1-85D9-88E73E1EFF25}.Release|Any CPU.ActiveCfg = Release|Any CPU
		{CED10048-132C-40E1-85D9-88E73E1EFF25}.Release|Any CPU.Build.0 = Release|Any CPU
		{08F67C99-CA47-40CD-AEB6-E163F157934B}.Debug|Any CPU.ActiveCfg = Debug|Any CPU
		{08F67C99-CA47-40CD-AEB6-E163F157934B}.Debug|Any CPU.Build.0 = Debug|Any CPU
		{08F67C99-CA47-40CD-AEB6-E163F157934B}.Release|Any CPU.ActiveCfg = Release|Any CPU
		{08F67C99-CA47-40CD-AEB6-E163F157934B}.Release|Any CPU.Build.0 = Release|Any CPU
	EndGlobalSection
	GlobalSection(SolutionProperties) = preSolution
		HideSolutionNode = FALSE
	EndGlobalSection
	GlobalSection(NestedProjects) = preSolution
		{CED10048-132C-40E1-85D9-88E73E1EFF25} = {0F74D750-9223-45DA-B5FA-E04FF1428319}
	EndGlobalSection
EndGlobal
